// !$*UTF8*$!
{
	archiveVersion = 1;
	classes = {
	};
	objectVersion = 56;
	objects = {

/* Begin PBXBuildFile section */
		4743DD66299E138E00172F50 /* AppDelegate.swift in Sources */ = {isa = PBXBuildFile; fileRef = 4743DD65299E138E00172F50 /* AppDelegate.swift */; };
		4743DD68299E138E00172F50 /* SceneDelegate.swift in Sources */ = {isa = PBXBuildFile; fileRef = 4743DD67299E138E00172F50 /* SceneDelegate.swift */; };
		4743DD6A299E138E00172F50 /* ViewController.swift in Sources */ = {isa = PBXBuildFile; fileRef = 4743DD69299E138E00172F50 /* ViewController.swift */; };
		4743DD6F299E138F00172F50 /* Assets.xcassets in Resources */ = {isa = PBXBuildFile; fileRef = 4743DD6E299E138F00172F50 /* Assets.xcassets */; };
		4743DD72299E138F00172F50 /* LaunchScreen.storyboard in Resources */ = {isa = PBXBuildFile; fileRef = 4743DD70299E138F00172F50 /* LaunchScreen.storyboard */; };
		4743DD7A299E284300172F50 /* GalleryCell.swift in Sources */ = {isa = PBXBuildFile; fileRef = 4743DD79299E284300172F50 /* GalleryCell.swift */; };
		47734E7029AFE3B100CC0E7F /* SF-Compact-Display-Semibold.otf in Resources */ = {isa = PBXBuildFile; fileRef = 47734E6F29AFE3B100CC0E7F /* SF-Compact-Display-Semibold.otf */; };
		47734E7329B2334C00CC0E7F /* UIColorExtension.swift in Sources */ = {isa = PBXBuildFile; fileRef = 47734E7229B2334C00CC0E7F /* UIColorExtension.swift */; };
		47FAE913299E598D00C69AAC /* DataModel.swift in Sources */ = {isa = PBXBuildFile; fileRef = 47FAE912299E598D00C69AAC /* DataModel.swift */; };
		47FAE915299EA0CD00C69AAC /* AddSubviews.swift in Sources */ = {isa = PBXBuildFile; fileRef = 47FAE914299EA0CD00C69AAC /* AddSubviews.swift */; };
		E8313DF5577AE8A1910DE06D /* Pods_GalleryWithAPI.framework in Frameworks */ = {isa = PBXBuildFile; fileRef = 8AFC9B05008FC279FFB83411 /* Pods_GalleryWithAPI.framework */; };
/* End PBXBuildFile section */

/* Begin PBXFileReference section */
		00C0DB6E91028925EA267C29 /* Pods-GalleryWithAPI.release.xcconfig */ = {isa = PBXFileReference; includeInIndex = 1; lastKnownFileType = text.xcconfig; name = "Pods-GalleryWithAPI.release.xcconfig"; path = "Target Support Files/Pods-GalleryWithAPI/Pods-GalleryWithAPI.release.xcconfig"; sourceTree = "<group>"; };
		4743DD62299E138E00172F50 /* GalleryWithAPI.app */ = {isa = PBXFileReference; explicitFileType = wrapper.application; includeInIndex = 0; path = GalleryWithAPI.app; sourceTree = BUILT_PRODUCTS_DIR; };
		4743DD65299E138E00172F50 /* AppDelegate.swift */ = {isa = PBXFileReference; lastKnownFileType = sourcecode.swift; path = AppDelegate.swift; sourceTree = "<group>"; };
		4743DD67299E138E00172F50 /* SceneDelegate.swift */ = {isa = PBXFileReference; lastKnownFileType = sourcecode.swift; path = SceneDelegate.swift; sourceTree = "<group>"; };
		4743DD69299E138E00172F50 /* ViewController.swift */ = {isa = PBXFileReference; lastKnownFileType = sourcecode.swift; path = ViewController.swift; sourceTree = "<group>"; };
		4743DD6E299E138F00172F50 /* Assets.xcassets */ = {isa = PBXFileReference; lastKnownFileType = folder.assetcatalog; path = Assets.xcassets; sourceTree = "<group>"; };
		4743DD71299E138F00172F50 /* Base */ = {isa = PBXFileReference; lastKnownFileType = file.storyboard; name = Base; path = Base.lproj/LaunchScreen.storyboard; sourceTree = "<group>"; };
		4743DD73299E138F00172F50 /* Info.plist */ = {isa = PBXFileReference; lastKnownFileType = text.plist.xml; path = Info.plist; sourceTree = "<group>"; };
		4743DD79299E284300172F50 /* GalleryCell.swift */ = {isa = PBXFileReference; lastKnownFileType = sourcecode.swift; path = GalleryCell.swift; sourceTree = "<group>"; };
		47734E6F29AFE3B100CC0E7F /* SF-Compact-Display-Semibold.otf */ = {isa = PBXFileReference; lastKnownFileType = file; path = "SF-Compact-Display-Semibold.otf"; sourceTree = "<group>"; };
		47734E7229B2334C00CC0E7F /* UIColorExtension.swift */ = {isa = PBXFileReference; lastKnownFileType = sourcecode.swift; path = UIColorExtension.swift; sourceTree = "<group>"; };
		47FAE912299E598D00C69AAC /* DataModel.swift */ = {isa = PBXFileReference; lastKnownFileType = sourcecode.swift; path = DataModel.swift; sourceTree = "<group>"; };
		47FAE914299EA0CD00C69AAC /* AddSubviews.swift */ = {isa = PBXFileReference; lastKnownFileType = sourcecode.swift; path = AddSubviews.swift; sourceTree = "<group>"; };
		85B2E9DA6B739041DCDE98F8 /* Pods-GalleryWithAPI.debug.xcconfig */ = {isa = PBXFileReference; includeInIndex = 1; lastKnownFileType = text.xcconfig; name = "Pods-GalleryWithAPI.debug.xcconfig"; path = "Target Support Files/Pods-GalleryWithAPI/Pods-GalleryWithAPI.debug.xcconfig"; sourceTree = "<group>"; };
		8AFC9B05008FC279FFB83411 /* Pods_GalleryWithAPI.framework */ = {isa = PBXFileReference; explicitFileType = wrapper.framework; includeInIndex = 0; path = Pods_GalleryWithAPI.framework; sourceTree = BUILT_PRODUCTS_DIR; };
/* End PBXFileReference section */

/* Begin PBXFrameworksBuildPhase section */
		4743DD5F299E138E00172F50 /* Frameworks */ = {
			isa = PBXFrameworksBuildPhase;
			buildActionMask = 2147483647;
			files = (
				E8313DF5577AE8A1910DE06D /* Pods_GalleryWithAPI.framework in Frameworks */,
			);
			runOnlyForDeploymentPostprocessing = 0;
		};
/* End PBXFrameworksBuildPhase section */

/* Begin PBXGroup section */
		3C28BE7A36D9D94E90FCE9CC /* Frameworks */ = {
			isa = PBXGroup;
			children = (
				8AFC9B05008FC279FFB83411 /* Pods_GalleryWithAPI.framework */,
			);
			name = Frameworks;
			sourceTree = "<group>";
		};
		4743DD59299E138E00172F50 = {
			isa = PBXGroup;
			children = (
				4743DD64299E138E00172F50 /* GalleryWithAPI */,
				4743DD63299E138E00172F50 /* Products */,
				F6E2591715970D356D9484C8 /* Pods */,
				3C28BE7A36D9D94E90FCE9CC /* Frameworks */,
			);
			sourceTree = "<group>";
		};
		4743DD63299E138E00172F50 /* Products */ = {
			isa = PBXGroup;
			children = (
				4743DD62299E138E00172F50 /* GalleryWithAPI.app */,
			);
			name = Products;
			sourceTree = "<group>";
		};
		4743DD64299E138E00172F50 /* GalleryWithAPI */ = {
			isa = PBXGroup;
			children = (
				47734E7129B2332300CC0E7F /* Extensions */,
				47734E6E29AFE35800CC0E7F /* Fonts */,
				4743DD65299E138E00172F50 /* AppDelegate.swift */,
				4743DD67299E138E00172F50 /* SceneDelegate.swift */,
				4743DD7B299E2CEF00172F50 /* Models */,
				4743DD69299E138E00172F50 /* ViewController.swift */,
				4743DD6E299E138F00172F50 /* Assets.xcassets */,
				4743DD70299E138F00172F50 /* LaunchScreen.storyboard */,
				4743DD73299E138F00172F50 /* Info.plist */,
			);
			path = GalleryWithAPI;
			sourceTree = "<group>";
		};
		4743DD7B299E2CEF00172F50 /* Models */ = {
			isa = PBXGroup;
			children = (
				4743DD79299E284300172F50 /* GalleryCell.swift */,
				47FAE912299E598D00C69AAC /* DataModel.swift */,
			);
			path = Models;
			sourceTree = "<group>";
		};
		47734E6E29AFE35800CC0E7F /* Fonts */ = {
			isa = PBXGroup;
			children = (
				47734E6F29AFE3B100CC0E7F /* SF-Compact-Display-Semibold.otf */,
			);
			path = Fonts;
			sourceTree = "<group>";
		};
		47734E7129B2332300CC0E7F /* Extensions */ = {
			isa = PBXGroup;
			children = (
				47FAE914299EA0CD00C69AAC /* AddSubviews.swift */,
				47734E7229B2334C00CC0E7F /* UIColorExtension.swift */,
			);
			path = Extensions;
			sourceTree = "<group>";
		};
		F6E2591715970D356D9484C8 /* Pods */ = {
			isa = PBXGroup;
			children = (
				85B2E9DA6B739041DCDE98F8 /* Pods-GalleryWithAPI.debug.xcconfig */,
				00C0DB6E91028925EA267C29 /* Pods-GalleryWithAPI.release.xcconfig */,
			);
			path = Pods;
			sourceTree = "<group>";
		};
/* End PBXGroup section */

/* Begin PBXNativeTarget section */
		4743DD61299E138E00172F50 /* GalleryWithAPI */ = {
			isa = PBXNativeTarget;
			buildConfigurationList = 4743DD76299E138F00172F50 /* Build configuration list for PBXNativeTarget "GalleryWithAPI" */;
			buildPhases = (
				763C804E6F68A6CDE8235451 /* [CP] Check Pods Manifest.lock */,
				4743DD5E299E138E00172F50 /* Sources */,
				4743DD5F299E138E00172F50 /* Frameworks */,
				4743DD60299E138E00172F50 /* Resources */,
				591C651F3C03DDECF47649BD /* [CP] Embed Pods Frameworks */,
			);
			buildRules = (
			);
			dependencies = (
			);
			name = GalleryWithAPI;
			productName = GalleryWithAPI;
			productReference = 4743DD62299E138E00172F50 /* GalleryWithAPI.app */;
			productType = "com.apple.product-type.application";
		};
/* End PBXNativeTarget section */

/* Begin PBXProject section */
		4743DD5A299E138E00172F50 /* Project object */ = {
			isa = PBXProject;
			attributes = {
				BuildIndependentTargetsInParallel = 1;
				LastSwiftUpdateCheck = 1420;
				LastUpgradeCheck = 1420;
				TargetAttributes = {
					4743DD61299E138E00172F50 = {
						CreatedOnToolsVersion = 14.2;
					};
				};
			};
			buildConfigurationList = 4743DD5D299E138E00172F50 /* Build configuration list for PBXProject "GalleryWithAPI" */;
			compatibilityVersion = "Xcode 14.0";
			developmentRegion = en;
			hasScannedForEncodings = 0;
			knownRegions = (
				en,
				Base,
			);
			mainGroup = 4743DD59299E138E00172F50;
			productRefGroup = 4743DD63299E138E00172F50 /* Products */;
			projectDirPath = "";
			projectRoot = "";
			targets = (
				4743DD61299E138E00172F50 /* GalleryWithAPI */,
			);
		};
/* End PBXProject section */

/* Begin PBXResourcesBuildPhase section */
		4743DD60299E138E00172F50 /* Resources */ = {
			isa = PBXResourcesBuildPhase;
			buildActionMask = 2147483647;
			files = (
				4743DD72299E138F00172F50 /* LaunchScreen.storyboard in Resources */,
				4743DD6F299E138F00172F50 /* Assets.xcassets in Resources */,
				47734E7029AFE3B100CC0E7F /* SF-Compact-Display-Semibold.otf in Resources */,
			);
			runOnlyForDeploymentPostprocessing = 0;
		};
/* End PBXResourcesBuildPhase section */

/* Begin PBXShellScriptBuildPhase section */
		591C651F3C03DDECF47649BD /* [CP] Embed Pods Frameworks */ = {
			isa = PBXShellScriptBuildPhase;
			buildActionMask = 2147483647;
			files = (
			);
			inputFileListPaths = (
				"${PODS_ROOT}/Target Support Files/Pods-GalleryWithAPI/Pods-GalleryWithAPI-frameworks-${CONFIGURATION}-input-files.xcfilelist",
			);
			name = "[CP] Embed Pods Frameworks";
			outputFileListPaths = (
				"${PODS_ROOT}/Target Support Files/Pods-GalleryWithAPI/Pods-GalleryWithAPI-frameworks-${CONFIGURATION}-output-files.xcfilelist",
			);
			runOnlyForDeploymentPostprocessing = 0;
			shellPath = /bin/sh;
			shellScript = "\"${PODS_ROOT}/Target Support Files/Pods-GalleryWithAPI/Pods-GalleryWithAPI-frameworks.sh\"\n";
			showEnvVarsInLog = 0;
		};
		D112D875F994BAA2940B3BD8 /* [CP] Check Pods Manifest.lock */ = {
			isa = PBXShellScriptBuildPhase;
			buildActionMask = 2147483647;
			files = (
			);
			inputFileListPaths = (
			);
			inputPaths = (
				"${PODS_PODFILE_DIR_PATH}/Podfile.lock",
				"${PODS_ROOT}/Manifest.lock",
			);
			name = "[CP] Check Pods Manifest.lock";
			outputFileListPaths = (
			);
			outputPaths = (
				"$(DERIVED_FILE_DIR)/Pods-GalleryWithAPI-checkManifestLockResult.txt",
			);
			runOnlyForDeploymentPostprocessing = 0;
			shellPath = /bin/sh;
			shellScript = "diff \"${PODS_PODFILE_DIR_PATH}/Podfile.lock\" \"${PODS_ROOT}/Manifest.lock\" > /dev/null\nif [ $? != 0 ] ; then\n    # print error to STDERR\n    echo \"error: The sandbox is not in sync with the Podfile.lock. Run 'pod install' or update your CocoaPods installation.\" >&2\n    exit 1\nfi\n# This output is used by Xcode 'outputs' to avoid re-running this script phase.\necho \"SUCCESS\" > \"${SCRIPT_OUTPUT_FILE_0}\"\n";
			showEnvVarsInLog = 0;
		};
/* End PBXShellScriptBuildPhase section */

/* Begin PBXSourcesBuildPhase section */
		4743DD5E299E138E00172F50 /* Sources */ = {
			isa = PBXSourcesBuildPhase;
			buildActionMask = 2147483647;
			files = (
				47FAE913299E598D00C69AAC /* DataModel.swift in Sources */,
				47734E7329B2334C00CC0E7F /* UIColorExtension.swift in Sources */,
				4743DD7A299E284300172F50 /* GalleryCell.swift in Sources */,
				4743DD6A299E138E00172F50 /* ViewController.swift in Sources */,
				47FAE915299EA0CD00C69AAC /* AddSubviews.swift in Sources */,
				4743DD66299E138E00172F50 /* AppDelegate.swift in Sources */,
				4743DD68299E138E00172F50 /* SceneDelegate.swift in Sources */,
			);
			runOnlyForDeploymentPostprocessing = 0;
		};
/* End PBXSourcesBuildPhase section */

/* Begin PBXVariantGroup section */
		4743DD70299E138F00172F50 /* LaunchScreen.storyboard */ = {
			isa = PBXVariantGroup;
			children = (
				4743DD71299E138F00172F50 /* Base */,
			);
			name = LaunchScreen.storyboard;
			sourceTree = "<group>";
		};
/* End PBXVariantGroup section */

/* Begin XCBuildConfiguration section */
		4743DD74299E138F00172F50 /* Debug */ = {
			isa = XCBuildConfiguration;
			buildSettings = {
				ALWAYS_SEARCH_USER_PATHS = NO;
				CLANG_ANALYZER_NONNULL = YES;
				CLANG_ANALYZER_NUMBER_OBJECT_CONVERSION = YES_AGGRESSIVE;
				CLANG_CXX_LANGUAGE_STANDARD = "gnu++20";
				CLANG_ENABLE_MODULES = YES;
				CLANG_ENABLE_OBJC_ARC = YES;
				CLANG_ENABLE_OBJC_WEAK = YES;
				CLANG_WARN_BLOCK_CAPTURE_AUTORELEASING = YES;
				CLANG_WARN_BOOL_CONVERSION = YES;
				CLANG_WARN_COMMA = YES;
				CLANG_WARN_CONSTANT_CONVERSION = YES;
				CLANG_WARN_DEPRECATED_OBJC_IMPLEMENTATIONS = YES;
				CLANG_WARN_DIRECT_OBJC_ISA_USAGE = YES_ERROR;
				CLANG_WARN_DOCUMENTATION_COMMENTS = YES;
				CLANG_WARN_EMPTY_BODY = YES;
				CLANG_WARN_ENUM_CONVERSION = YES;
				CLANG_WARN_INFINITE_RECURSION = YES;
				CLANG_WARN_INT_CONVERSION = YES;
				CLANG_WARN_NON_LITERAL_NULL_CONVERSION = YES;
				CLANG_WARN_OBJC_IMPLICIT_RETAIN_SELF = YES;
				CLANG_WARN_OBJC_LITERAL_CONVERSION = YES;
				CLANG_WARN_OBJC_ROOT_CLASS = YES_ERROR;
				CLANG_WARN_QUOTED_INCLUDE_IN_FRAMEWORK_HEADER = YES;
				CLANG_WARN_RANGE_LOOP_ANALYSIS = YES;
				CLANG_WARN_STRICT_PROTOTYPES = YES;
				CLANG_WARN_SUSPICIOUS_MOVE = YES;
				CLANG_WARN_UNGUARDED_AVAILABILITY = YES_AGGRESSIVE;
				CLANG_WARN_UNREACHABLE_CODE = YES;
				CLANG_WARN__DUPLICATE_METHOD_MATCH = YES;
				COPY_PHASE_STRIP = NO;
				DEBUG_INFORMATION_FORMAT = dwarf;
				ENABLE_STRICT_OBJC_MSGSEND = YES;
				ENABLE_TESTABILITY = YES;
				GCC_C_LANGUAGE_STANDARD = gnu11;
				GCC_DYNAMIC_NO_PIC = NO;
				GCC_NO_COMMON_BLOCKS = YES;
				GCC_OPTIMIZATION_LEVEL = 0;
				GCC_PREPROCESSOR_DEFINITIONS = (
					"DEBUG=1",
					"$(inherited)",
				);
				GCC_WARN_64_TO_32_BIT_CONVERSION = YES;
				GCC_WARN_ABOUT_RETURN_TYPE = YES_ERROR;
				GCC_WARN_UNDECLARED_SELECTOR = YES;
				GCC_WARN_UNINITIALIZED_AUTOS = YES_AGGRESSIVE;
				GCC_WARN_UNUSED_FUNCTION = YES;
				GCC_WARN_UNUSED_VARIABLE = YES;
				IPHONEOS_DEPLOYMENT_TARGET = 16.2;
				MTL_ENABLE_DEBUG_INFO = INCLUDE_SOURCE;
				MTL_FAST_MATH = YES;
				ONLY_ACTIVE_ARCH = YES;
				SDKROOT = iphoneos;
				SWIFT_ACTIVE_COMPILATION_CONDITIONS = DEBUG;
				SWIFT_OPTIMIZATION_LEVEL = "-Onone";
			};
			name = Debug;
		};
		4743DD75299E138F00172F50 /* Release */ = {
			isa = XCBuildConfiguration;
			buildSettings = {
				ALWAYS_SEARCH_USER_PATHS = NO;
				CLANG_ANALYZER_NONNULL = YES;
				CLANG_ANALYZER_NUMBER_OBJECT_CONVERSION = YES_AGGRESSIVE;
				CLANG_CXX_LANGUAGE_STANDARD = "gnu++20";
				CLANG_ENABLE_MODULES = YES;
				CLANG_ENABLE_OBJC_ARC = YES;
				CLANG_ENABLE_OBJC_WEAK = YES;
				CLANG_WARN_BLOCK_CAPTURE_AUTORELEASING = YES;
				CLANG_WARN_BOOL_CONVERSION = YES;
				CLANG_WARN_COMMA = YES;
				CLANG_WARN_CONSTANT_CONVERSION = YES;
				CLANG_WARN_DEPRECATED_OBJC_IMPLEMENTATIONS = YES;
				CLANG_WARN_DIRECT_OBJC_ISA_USAGE = YES_ERROR;
				CLANG_WARN_DOCUMENTATION_COMMENTS = YES;
				CLANG_WARN_EMPTY_BODY = YES;
				CLANG_WARN_ENUM_CONVERSION = YES;
				CLANG_WARN_INFINITE_RECURSION = YES;
				CLANG_WARN_INT_CONVERSION = YES;
				CLANG_WARN_NON_LITERAL_NULL_CONVERSION = YES;
				CLANG_WARN_OBJC_IMPLICIT_RETAIN_SELF = YES;
				CLANG_WARN_OBJC_LITERAL_CONVERSION = YES;
				CLANG_WARN_OBJC_ROOT_CLASS = YES_ERROR;
				CLANG_WARN_QUOTED_INCLUDE_IN_FRAMEWORK_HEADER = YES;
				CLANG_WARN_RANGE_LOOP_ANALYSIS = YES;
				CLANG_WARN_STRICT_PROTOTYPES = YES;
				CLANG_WARN_SUSPICIOUS_MOVE = YES;
				CLANG_WARN_UNGUARDED_AVAILABILITY = YES_AGGRESSIVE;
				CLANG_WARN_UNREACHABLE_CODE = YES;
				CLANG_WARN__DUPLICATE_METHOD_MATCH = YES;
				COPY_PHASE_STRIP = NO;
				DEBUG_INFORMATION_FORMAT = "dwarf-with-dsym";
				ENABLE_NS_ASSERTIONS = NO;
				ENABLE_STRICT_OBJC_MSGSEND = YES;
				GCC_C_LANGUAGE_STANDARD = gnu11;
				GCC_NO_COMMON_BLOCKS = YES;
				GCC_WARN_64_TO_32_BIT_CONVERSION = YES;
				GCC_WARN_ABOUT_RETURN_TYPE = YES_ERROR;
				GCC_WARN_UNDECLARED_SELECTOR = YES;
				GCC_WARN_UNINITIALIZED_AUTOS = YES_AGGRESSIVE;
				GCC_WARN_UNUSED_FUNCTION = YES;
				GCC_WARN_UNUSED_VARIABLE = YES;
				IPHONEOS_DEPLOYMENT_TARGET = 16.2;
				MTL_ENABLE_DEBUG_INFO = NO;
				MTL_FAST_MATH = YES;
				SDKROOT = iphoneos;
				SWIFT_COMPILATION_MODE = wholemodule;
				SWIFT_OPTIMIZATION_LEVEL = "-O";
				VALIDATE_PRODUCT = YES;
			};
			name = Release;
		};
		4743DD77299E138F00172F50 /* Debug */ = {
			isa = XCBuildConfiguration;
			baseConfigurationReference = 85B2E9DA6B739041DCDE98F8 /* Pods-GalleryWithAPI.debug.xcconfig */;
			buildSettings = {
				ASSETCATALOG_COMPILER_APPICON_NAME = AppIcon;
				ASSETCATALOG_COMPILER_GLOBAL_ACCENT_COLOR_NAME = AccentColor;
				CODE_SIGN_STYLE = Automatic;
				CURRENT_PROJECT_VERSION = 1;
				GENERATE_INFOPLIST_FILE = YES;
				INFOPLIST_FILE = GalleryWithAPI/Info.plist;
				INFOPLIST_KEY_UIApplicationSupportsIndirectInputEvents = YES;
				INFOPLIST_KEY_UILaunchStoryboardName = LaunchScreen.storyboard;
				INFOPLIST_KEY_UISupportedInterfaceOrientations_iPad = "UIInterfaceOrientationPortrait UIInterfaceOrientationPortraitUpsideDown UIInterfaceOrientationLandscapeLeft UIInterfaceOrientationLandscapeRight";
				INFOPLIST_KEY_UISupportedInterfaceOrientations_iPhone = "UIInterfaceOrientationPortrait UIInterfaceOrientationLandscapeLeft UIInterfaceOrientationLandscapeRight";
				LD_RUNPATH_SEARCH_PATHS = (
					"$(inherited)",
					"@executable_path/Frameworks",
				);
				MARKETING_VERSION = 1.0;
				PRODUCT_BUNDLE_IDENTIFIER = ru.nastya.test.GalleryWithAPI;
				PRODUCT_NAME = "$(TARGET_NAME)";
				SWIFT_EMIT_LOC_STRINGS = YES;
				SWIFT_VERSION = 5.0;
				TARGETED_DEVICE_FAMILY = "1,2";
			};
			name = Debug;
		};
		4743DD78299E138F00172F50 /* Release */ = {
			isa = XCBuildConfiguration;
			baseConfigurationReference = 00C0DB6E91028925EA267C29 /* Pods-GalleryWithAPI.release.xcconfig */;
			buildSettings = {
				ASSETCATALOG_COMPILER_APPICON_NAME = AppIcon;
				ASSETCATALOG_COMPILER_GLOBAL_ACCENT_COLOR_NAME = AccentColor;
				CODE_SIGN_STYLE = Automatic;
				CURRENT_PROJECT_VERSION = 1;
				GENERATE_INFOPLIST_FILE = YES;
				INFOPLIST_FILE = GalleryWithAPI/Info.plist;
				INFOPLIST_KEY_UIApplicationSupportsIndirectInputEvents = YES;
				INFOPLIST_KEY_UILaunchStoryboardName = LaunchScreen.storyboard;
				INFOPLIST_KEY_UISupportedInterfaceOrientations_iPad = "UIInterfaceOrientationPortrait UIInterfaceOrientationPortraitUpsideDown UIInterfaceOrientationLandscapeLeft UIInterfaceOrientationLandscapeRight";
				INFOPLIST_KEY_UISupportedInterfaceOrientations_iPhone = "UIInterfaceOrientationPortrait UIInterfaceOrientationLandscapeLeft UIInterfaceOrientationLandscapeRight";
				LD_RUNPATH_SEARCH_PATHS = (
					"$(inherited)",
					"@executable_path/Frameworks",
				);
				MARKETING_VERSION = 1.0;
				PRODUCT_BUNDLE_IDENTIFIER = ru.nastya.test.GalleryWithAPI;
				PRODUCT_NAME = "$(TARGET_NAME)";
				SWIFT_EMIT_LOC_STRINGS = YES;
				SWIFT_VERSION = 5.0;
				TARGETED_DEVICE_FAMILY = "1,2";
			};
			name = Release;
		};
/* End XCBuildConfiguration section */

/* Begin XCConfigurationList section */
		4743DD5D299E138E00172F50 /* Build configuration list for PBXProject "GalleryWithAPI" */ = {
			isa = XCConfigurationList;
			buildConfigurations = (
				4743DD74299E138F00172F50 /* Debug */,
				4743DD75299E138F00172F50 /* Release */,
			);
			defaultConfigurationIsVisible = 0;
			defaultConfigurationName = Release;
		};
		4743DD76299E138F00172F50 /* Build configuration list for PBXNativeTarget "GalleryWithAPI" */ = {
			isa = XCConfigurationList;
			buildConfigurations = (
				4743DD77299E138F00172F50 /* Debug */,
				4743DD78299E138F00172F50 /* Release */,
			);
			defaultConfigurationIsVisible = 0;
			defaultConfigurationName = Release;
		};
/* End XCConfigurationList section */
	};
	rootObject = 4743DD5A299E138E00172F50 /* Project object */;
}
